// !$*UTF8*$!
{
	archiveVersion = 1;
	classes = {
	};
	objectVersion = 77;
	objects = {

/* Begin PBXBuildFile section */
		053897E50F340A8A5214594B /* ContentView.swift in Sources */ = {isa = PBXBuildFile; fileRef = C392CFA6D885F7A59E2B2754 /* ContentView.swift */; };
		1BD2E99AECF4F76F66FAFCE1 /* RMDECore.swift in Sources */ = {isa = PBXBuildFile; fileRef = 83BE4366D3DEDB56D92D178A /* RMDECore.swift */; };
		6FC592A25E828C183E5C78A2 /* TabBarView.swift in Sources */ = {isa = PBXBuildFile; fileRef = 547AE6FD1988345DF8153CEE /* TabBarView.swift */; };
		8C25BF87E9C350AFE4E75D6D /* EditorView.swift in Sources */ = {isa = PBXBuildFile; fileRef = 5418863CB0951301016016F7 /* EditorView.swift */; };
		985E59965F638AD68DBD3C1A /* RMDEApp.swift in Sources */ = {isa = PBXBuildFile; fileRef = 9C9D0DC13F19D68EF912CB9E /* RMDEApp.swift */; };
		A035626D3F26ED09110B4B6D /* EditorState.swift in Sources */ = {isa = PBXBuildFile; fileRef = 3D43BD12682F16633CF84382 /* EditorState.swift */; };
		BB689E7EE12EA56618AE8E99 /* StatusBarView.swift in Sources */ = {isa = PBXBuildFile; fileRef = AD096EA514E8EAB4BE145AE2 /* StatusBarView.swift */; };
		DE20DA93EEB8ECF4B3D7A1CF /* SwiftBridgeCore.swift in Sources */ = {isa = PBXBuildFile; fileRef = 28DC75371128C9052967EDCD /* SwiftBridgeCore.swift */; };
/* End PBXBuildFile section */

/* Begin PBXFileReference section */
		28DC75371128C9052967EDCD /* SwiftBridgeCore.swift */ = {isa = PBXFileReference; lastKnownFileType = sourcecode.swift; path = SwiftBridgeCore.swift; sourceTree = "<group>"; };
		3D43BD12682F16633CF84382 /* EditorState.swift */ = {isa = PBXFileReference; lastKnownFileType = sourcecode.swift; path = EditorState.swift; sourceTree = "<group>"; };
		4E7401A1DC0A07C03F37BCF2 /* RMDE.app */ = {isa = PBXFileReference; explicitFileType = wrapper.application; includeInIndex = 0; path = RMDE.app; sourceTree = BUILT_PRODUCTS_DIR; };
		5418863CB0951301016016F7 /* EditorView.swift */ = {isa = PBXFileReference; lastKnownFileType = sourcecode.swift; path = EditorView.swift; sourceTree = "<group>"; };
		547AE6FD1988345DF8153CEE /* TabBarView.swift */ = {isa = PBXFileReference; lastKnownFileType = sourcecode.swift; path = TabBarView.swift; sourceTree = "<group>"; };
		83BE4366D3DEDB56D92D178A /* RMDECore.swift */ = {isa = PBXFileReference; lastKnownFileType = sourcecode.swift; path = RMDECore.swift; sourceTree = "<group>"; };
		9C9D0DC13F19D68EF912CB9E /* RMDEApp.swift */ = {isa = PBXFileReference; lastKnownFileType = sourcecode.swift; path = RMDEApp.swift; sourceTree = "<group>"; };
		AD096EA514E8EAB4BE145AE2 /* StatusBarView.swift */ = {isa = PBXFileReference; lastKnownFileType = sourcecode.swift; path = StatusBarView.swift; sourceTree = "<group>"; };
		C392CFA6D885F7A59E2B2754 /* ContentView.swift */ = {isa = PBXFileReference; lastKnownFileType = sourcecode.swift; path = ContentView.swift; sourceTree = "<group>"; };
/* End PBXFileReference section */

/* Begin PBXGroup section */
		38C97A6AE4A06BF619CAD741 /* Bridge */ = {
			isa = PBXGroup;
			children = (
				83BE4366D3DEDB56D92D178A /* RMDECore.swift */,
				28DC75371128C9052967EDCD /* SwiftBridgeCore.swift */,
			);
			path = Bridge;
			sourceTree = "<group>";
		};
		60BD57EFC540E6BEC2AF90C4 /* Theme */ = {
			isa = PBXGroup;
			children = (
			);
			path = Theme;
			sourceTree = "<group>";
		};
		67F570BDC1044C6220DC10E4 /* Products */ = {
			isa = PBXGroup;
			children = (
				4E7401A1DC0A07C03F37BCF2 /* RMDE.app */,
			);
			name = Products;
			sourceTree = "<group>";
		};
		69968C41A8884E35A6F54CF1 /* Sources */ = {
			isa = PBXGroup;
			children = (
				8569B8FC2A70F64686DA840A /* App */,
				38C97A6AE4A06BF619CAD741 /* Bridge */,
				60BD57EFC540E6BEC2AF90C4 /* Theme */,
				F8A8FBD084C019B2F106D5BF /* Views */,
			);
			path = Sources;
			sourceTree = "<group>";
		};
		8569B8FC2A70F64686DA840A /* App */ = {
			isa = PBXGroup;
			children = (
				3D43BD12682F16633CF84382 /* EditorState.swift */,
				9C9D0DC13F19D68EF912CB9E /* RMDEApp.swift */,
			);
			path = App;
			sourceTree = "<group>";
		};
		997ACB4D2035414A4C8E4740 = {
			isa = PBXGroup;
			children = (
				69968C41A8884E35A6F54CF1 /* Sources */,
				67F570BDC1044C6220DC10E4 /* Products */,
			);
			sourceTree = "<group>";
		};
		F8A8FBD084C019B2F106D5BF /* Views */ = {
			isa = PBXGroup;
			children = (
				C392CFA6D885F7A59E2B2754 /* ContentView.swift */,
				5418863CB0951301016016F7 /* EditorView.swift */,
				AD096EA514E8EAB4BE145AE2 /* StatusBarView.swift */,
				547AE6FD1988345DF8153CEE /* TabBarView.swift */,
			);
			path = Views;
			sourceTree = "<group>";
		};
/* End PBXGroup section */

/* Begin PBXNativeTarget section */
		2F133919351165193900D7DE /* RMDE */ = {
			isa = PBXNativeTarget;
			buildConfigurationList = 9E576D962F3F6A5CB2768FCA /* Build configuration list for PBXNativeTarget "RMDE" */;
			buildPhases = (
				20F755EB14A71422E836C3C7 /* Sources */,
			);
			buildRules = (
			);
			dependencies = (
			);
			name = RMDE;
			packageProductDependencies = (
			);
			productName = RMDE;
			productReference = 4E7401A1DC0A07C03F37BCF2 /* RMDE.app */;
			productType = "com.apple.product-type.application";
		};
/* End PBXNativeTarget section */

/* Begin PBXProject section */
		0CE2D48F95129CCB02634296 /* Project object */ = {
			isa = PBXProject;
			attributes = {
				BuildIndependentTargetsInParallel = YES;
				LastUpgradeCheck = 1500;
				TargetAttributes = {
					2F133919351165193900D7DE = {
						ProvisioningStyle = Automatic;
					};
				};
			};
			buildConfigurationList = C549F878B71769A7A46DAA7E /* Build configuration list for PBXProject "RMDE" */;
			compatibilityVersion = "Xcode 14.0";
			developmentRegion = en;
			hasScannedForEncodings = 0;
			knownRegions = (
				Base,
				en,
			);
			mainGroup = 997ACB4D2035414A4C8E4740;
			minimizedProjectReferenceProxies = 1;
			preferredProjectObjectVersion = 77;
			projectDirPath = "";
			projectRoot = "";
			targets = (
				2F133919351165193900D7DE /* RMDE */,
			);
		};
/* End PBXProject section */

/* Begin PBXSourcesBuildPhase section */
		20F755EB14A71422E836C3C7 /* Sources */ = {
			isa = PBXSourcesBuildPhase;
			buildActionMask = 2147483647;
			files = (
				053897E50F340A8A5214594B /* ContentView.swift in Sources */,
				A035626D3F26ED09110B4B6D /* EditorState.swift in Sources */,
				8C25BF87E9C350AFE4E75D6D /* EditorView.swift in Sources */,
				985E59965F638AD68DBD3C1A /* RMDEApp.swift in Sources */,
				1BD2E99AECF4F76F66FAFCE1 /* RMDECore.swift in Sources */,
				BB689E7EE12EA56618AE8E99 /* StatusBarView.swift in Sources */,
				DE20DA93EEB8ECF4B3D7A1CF /* SwiftBridgeCore.swift in Sources */,
				6FC592A25E828C183E5C78A2 /* TabBarView.swift in Sources */,
			);
			runOnlyForDeploymentPostprocessing = 0;
		};
/* End PBXSourcesBuildPhase section */

/* Begin XCBuildConfiguration section */
		0ACBA32511CAF66C2EC626AE /* Release */ = {
			isa = XCBuildConfiguration;
			buildSettings = {
				ALWAYS_SEARCH_USER_PATHS = NO;
				CLANG_ANALYZER_NONNULL = YES;
				CLANG_ANALYZER_NUMBER_OBJECT_CONVERSION = YES_AGGRESSIVE;
				CLANG_CXX_LANGUAGE_STANDARD = "gnu++14";
				CLANG_CXX_LIBRARY = "libc++";
				CLANG_ENABLE_MODULES = YES;
				CLANG_ENABLE_OBJC_ARC = YES;
				CLANG_ENABLE_OBJC_WEAK = YES;
				CLANG_WARN_BLOCK_CAPTURE_AUTORELEASING = YES;
				CLANG_WARN_BOOL_CONVERSION = YES;
				CLANG_WARN_COMMA = YES;
				CLANG_WARN_CONSTANT_CONVERSION = YES;
				CLANG_WARN_DEPRECATED_OBJC_IMPLEMENTATIONS = YES;
				CLANG_WARN_DIRECT_OBJC_ISA_USAGE = YES_ERROR;
				CLANG_WARN_DOCUMENTATION_COMMENTS = YES;
				CLANG_WARN_EMPTY_BODY = YES;
				CLANG_WARN_ENUM_CONVERSION = YES;
				CLANG_WARN_INFINITE_RECURSION = YES;
				CLANG_WARN_INT_CONVERSION = YES;
				CLANG_WARN_NON_LITERAL_NULL_CONVERSION = YES;
				CLANG_WARN_OBJC_IMPLICIT_RETAIN_SELF = YES;
				CLANG_WARN_OBJC_LITERAL_CONVERSION = YES;
				CLANG_WARN_OBJC_ROOT_CLASS = YES_ERROR;
				CLANG_WARN_QUOTED_INCLUDE_IN_FRAMEWORK_HEADER = YES;
				CLANG_WARN_RANGE_LOOP_ANALYSIS = YES;
				CLANG_WARN_STRICT_PROTOTYPES = YES;
				CLANG_WARN_SUSPICIOUS_MOVE = YES;
				CLANG_WARN_UNGUARDED_AVAILABILITY = YES_AGGRESSIVE;
				CLANG_WARN_UNREACHABLE_CODE = YES;
				CLANG_WARN__DUPLICATE_METHOD_MATCH = YES;
				COPY_PHASE_STRIP = NO;
				DEBUG_INFORMATION_FORMAT = "dwarf-with-dsym";
				ENABLE_NS_ASSERTIONS = NO;
				ENABLE_STRICT_OBJC_MSGSEND = YES;
				GCC_C_LANGUAGE_STANDARD = gnu11;
				GCC_NO_COMMON_BLOCKS = YES;
				GCC_WARN_64_TO_32_BIT_CONVERSION = YES;
				GCC_WARN_ABOUT_RETURN_TYPE = YES_ERROR;
				GCC_WARN_UNDECLARED_SELECTOR = YES;
				GCC_WARN_UNINITIALIZED_AUTOS = YES_AGGRESSIVE;
				GCC_WARN_UNUSED_FUNCTION = YES;
				GCC_WARN_UNUSED_VARIABLE = YES;
				HEADER_SEARCH_PATHS = (
					"$(PROJECT_DIR)/Sources/Bridge",
				);
				LIBRARY_SEARCH_PATHS = (
					"$(PROJECT_DIR)/../target/release",
				);
				MACOSX_DEPLOYMENT_TARGET = 14.0;
				MTL_ENABLE_DEBUG_INFO = NO;
				MTL_FAST_MATH = YES;
				OTHER_LDFLAGS = (
					"-lrmde_core",
				);
				PRODUCT_NAME = "$(TARGET_NAME)";
				SDKROOT = macosx;
				SWIFT_COMPILATION_MODE = wholemodule;
				SWIFT_OBJC_BRIDGING_HEADER = "Sources/Bridge/RMDE-Bridging-Header.h";
				SWIFT_OPTIMIZATION_LEVEL = "-O";
				SWIFT_VERSION = 5.9;
			};
			name = Release;
		};
		3D64AA8CF51B3CEF94B0293F /* Release */ = {
			isa = XCBuildConfiguration;
			buildSettings = {
				ASSETCATALOG_COMPILER_APPICON_NAME = AppIcon;
				CODE_SIGN_STYLE = Automatic;
				COMBINE_HIDPI_IMAGES = YES;
				ENABLE_HARDENED_RUNTIME = YES;
				HEADER_SEARCH_PATHS = (
					"$(PROJECT_DIR)/Sources/Bridge",
				);
				INFOPLIST_FILE = Info.plist;
				INFOPLIST_GENERATION_MODE = GeneratedFile;
				INFOPLIST_KEY_CFBundleDisplayName = RMDE;
				INFOPLIST_KEY_LSApplicationCategoryType = "public.app-category.developer-tools";
				LD_RUNPATH_SEARCH_PATHS = (
					"$(inherited)",
					"@executable_path/../Frameworks",
				);
				LIBRARY_SEARCH_PATHS = (
					"$(PROJECT_DIR)/../target/release",
				);
				OTHER_LDFLAGS = (
					"-lrmde_core",
				);
				PRODUCT_BUNDLE_IDENTIFIER = com.rmde.app;
				PRODUCT_NAME = RMDE;
				SDKROOT = macosx;
				SWIFT_OBJC_BRIDGING_HEADER = "$(PROJECT_DIR)/Sources/Bridge/RMDE-Bridging-Header.h";
			};
			name = Release;
		};
		90D0DDCEE746EE1577123DF4 /* Debug */ = {
			isa = XCBuildConfiguration;
			buildSettings = {
				ASSETCATALOG_COMPILER_APPICON_NAME = AppIcon;
				CODE_SIGN_STYLE = Automatic;
				COMBINE_HIDPI_IMAGES = YES;
				ENABLE_HARDENED_RUNTIME = YES;
				HEADER_SEARCH_PATHS = (
					"$(PROJECT_DIR)/Sources/Bridge",
				);
				INFOPLIST_FILE = Info.plist;
				INFOPLIST_GENERATION_MODE = GeneratedFile;
				INFOPLIST_KEY_CFBundleDisplayName = RMDE;
				INFOPLIST_KEY_LSApplicationCategoryType = "public.app-category.developer-tools";
				LD_RUNPATH_SEARCH_PATHS = (
					"$(inherited)",
					"@executable_path/../Frameworks",
				);
				LIBRARY_SEARCH_PATHS = (
					"$(PROJECT_DIR)/../target/release",
				);
				OTHER_LDFLAGS = (
					"-lrmde_core",
				);
				PRODUCT_BUNDLE_IDENTIFIER = com.rmde.app;
				PRODUCT_NAME = RMDE;
				SDKROOT = macosx;
				SWIFT_OBJC_BRIDGING_HEADER = "$(PROJECT_DIR)/Sources/Bridge/RMDE-Bridging-Header.h";
			};
			name = Debug;
		};
		DDC157639CA3214878BE2D76 /* Debug */ = {
			isa = XCBuildConfiguration;
			buildSettings = {
				ALWAYS_SEARCH_USER_PATHS = NO;
				CLANG_ANALYZER_NONNULL = YES;
				CLANG_ANALYZER_NUMBER_OBJECT_CONVERSION = YES_AGGRESSIVE;
				CLANG_CXX_LANGUAGE_STANDARD = "gnu++14";
				CLANG_CXX_LIBRARY = "libc++";
				CLANG_ENABLE_MODULES = YES;
				CLANG_ENABLE_OBJC_ARC = YES;
				CLANG_ENABLE_OBJC_WEAK = YES;
				CLANG_WARN_BLOCK_CAPTURE_AUTORELEASING = YES;
				CLANG_WARN_BOOL_CONVERSION = YES;
				CLANG_WARN_COMMA = YES;
				CLANG_WARN_CONSTANT_CONVERSION = YES;
				CLANG_WARN_DEPRECATED_OBJC_IMPLEMENTATIONS = YES;
				CLANG_WARN_DIRECT_OBJC_ISA_USAGE = YES_ERROR;
				CLANG_WARN_DOCUMENTATION_COMMENTS = YES;
				CLANG_WARN_EMPTY_BODY = YES;
				CLANG_WARN_ENUM_CONVERSION = YES;
				CLANG_WARN_INFINITE_RECURSION = YES;
				CLANG_WARN_INT_CONVERSION = YES;
				CLANG_WARN_NON_LITERAL_NULL_CONVERSION = YES;
				CLANG_WARN_OBJC_IMPLICIT_RETAIN_SELF = YES;
				CLANG_WARN_OBJC_LITERAL_CONVERSION = YES;
				CLANG_WARN_OBJC_ROOT_CLASS = YES_ERROR;
				CLANG_WARN_QUOTED_INCLUDE_IN_FRAMEWORK_HEADER = YES;
				CLANG_WARN_RANGE_LOOP_ANALYSIS = YES;
				CLANG_WARN_STRICT_PROTOTYPES = YES;
				CLANG_WARN_SUSPICIOUS_MOVE = YES;
				CLANG_WARN_UNGUARDED_AVAILABILITY = YES_AGGRESSIVE;
				CLANG_WARN_UNREACHABLE_CODE = YES;
				CLANG_WARN__DUPLICATE_METHOD_MATCH = YES;
				COPY_PHASE_STRIP = NO;
				DEBUG_INFORMATION_FORMAT = dwarf;
				ENABLE_STRICT_OBJC_MSGSEND = YES;
				ENABLE_TESTABILITY = YES;
				GCC_C_LANGUAGE_STANDARD = gnu11;
				GCC_DYNAMIC_NO_PIC = NO;
				GCC_NO_COMMON_BLOCKS = YES;
				GCC_OPTIMIZATION_LEVEL = 0;
				GCC_PREPROCESSOR_DEFINITIONS = (
					"$(inherited)",
					"DEBUG=1",
				);
				GCC_WARN_64_TO_32_BIT_CONVERSION = YES;
				GCC_WARN_ABOUT_RETURN_TYPE = YES_ERROR;
				GCC_WARN_UNDECLARED_SELECTOR = YES;
				GCC_WARN_UNINITIALIZED_AUTOS = YES_AGGRESSIVE;
				GCC_WARN_UNUSED_FUNCTION = YES;
				GCC_WARN_UNUSED_VARIABLE = YES;
				HEADER_SEARCH_PATHS = (
					"$(PROJECT_DIR)/Sources/Bridge",
				);
				LIBRARY_SEARCH_PATHS = (
					"$(PROJECT_DIR)/../target/release",
				);
				MACOSX_DEPLOYMENT_TARGET = 14.0;
				MTL_ENABLE_DEBUG_INFO = INCLUDE_SOURCE;
				MTL_FAST_MATH = YES;
				ONLY_ACTIVE_ARCH = YES;
				OTHER_LDFLAGS = (
					"-lrmde_core",
				);
				PRODUCT_NAME = "$(TARGET_NAME)";
				SDKROOT = macosx;
				SWIFT_ACTIVE_COMPILATION_CONDITIONS = DEBUG;
				SWIFT_OBJC_BRIDGING_HEADER = "Sources/Bridge/RMDE-Bridging-Header.h";
				SWIFT_OPTIMIZATION_LEVEL = "-Onone";
				SWIFT_VERSION = 5.9;
			};
			name = Debug;
		};
/* End XCBuildConfiguration section */

/* Begin XCConfigurationList section */
		9E576D962F3F6A5CB2768FCA /* Build configuration list for PBXNativeTarget "RMDE" */ = {
			isa = XCConfigurationList;
			buildConfigurations = (
				90D0DDCEE746EE1577123DF4 /* Debug */,
				3D64AA8CF51B3CEF94B0293F /* Release */,
			);
			defaultConfigurationIsVisible = 0;
			defaultConfigurationName = Debug;
		};
		C549F878B71769A7A46DAA7E /* Build configuration list for PBXProject "RMDE" */ = {
			isa = XCConfigurationList;
			buildConfigurations = (
				DDC157639CA3214878BE2D76 /* Debug */,
				0ACBA32511CAF66C2EC626AE /* Release */,
			);
			defaultConfigurationIsVisible = 0;
			defaultConfigurationName = Debug;
		};
/* End XCConfigurationList section */
	};
	rootObject = 0CE2D48F95129CCB02634296 /* Project object */;
}
